{
  "nodes": {
    "dotfiles": {
      "flake": false,
      "locked": {
        "lastModified": 1646084964,
        "narHash": "sha256-Jo2kCtpiVld0X2GoOu93kf2zQwrHvVL1PWrR6RxQuLo=",
        "owner": "s0la1337",
        "repo": "dotfiles",
        "rev": "b5686b18f2c42e2590bbbe33c59a0e9831ba4c2c",
        "type": "github"
      },
      "original": {
        "owner": "s0la1337",
        "repo": "dotfiles",
        "type": "github"
      }
    },
    "home-manager": {
      "inputs": {
        "nixpkgs": [
          "nixpkgs"
        ]
      },
      "locked": {
        "lastModified": 1647210221,
        "narHash": "sha256-mUWwEq+ReRQjIqj28ClqmBDyKV4fr6C5ufqlXLzZFsk=",
        "owner": "nix-community",
        "repo": "home-manager",
        "rev": "8eb7c009f09f1f7b1ec151e5d537104acf42213a",
        "type": "github"
      },
      "original": {
        "owner": "nix-community",
        "repo": "home-manager",
        "type": "github"
      }
    },
    "nixos-hardware": {
      "locked": {
        "lastModified": 1647447644,
        "narHash": "sha256-Di7ZCXjQKEys+jxgl8Mp7a8nowRSeAbzH8c9QNYkw2k=",
        "owner": "NixOS",
        "repo": "nixos-hardware",
        "rev": "32f61571b486efc987baca553fb35df22532ba63",
        "type": "github"
      },
      "original": {
        "owner": "NixOS",
        "ref": "master",
        "repo": "nixos-hardware",
        "type": "github"
      }
    },
    "nixpkgs": {
      "locked": {
        "lastModified": 1647350163,
        "narHash": "sha256-OcMI+PFEHTONthXuEQNddt16Ml7qGvanL3x8QOl2Aao=",
        "owner": "NixOS",
        "repo": "nixpkgs",
        "rev": "3eb07eeafb52bcbf02ce800f032f18d666a9498d",
        "type": "github"
      },
      "original": {
        "owner": "NixOS",
        "ref": "nixpkgs-unstable",
        "repo": "nixpkgs",
        "type": "github"
      }
    },
    "root": {
      "inputs": {
        "dotfiles": "dotfiles",
        "home-manager": "home-manager",
        "nixos-hardware": "nixos-hardware",
        "nixpkgs": "nixpkgs"
      }
    }
  },
  "root": "root",
  "version": 7
}
