{
  "nodes": {
    "crane": {
      "flake": false,
      "locked": {
        "lastModified": 1661875961,
        "narHash": "sha256-f1h/2c6Teeu1ofAHWzrS8TwBPcnN+EEu+z1sRVmMQTk=",
        "owner": "ipetkov",
        "repo": "crane",
        "rev": "d9f394e4e20e97c2a60c3ad82c2b6ef99be19e24",
        "type": "github"
      },
      "original": {
        "owner": "ipetkov",
        "repo": "crane",
        "type": "github"
      }
    },
    "devshell": {
      "flake": false,
      "locked": {
        "lastModified": 1660811669,
        "narHash": "sha256-V6lmsaLNFz41myppL0yxglta92ijkSvpZ+XVygAh+bU=",
        "owner": "numtide",
        "repo": "devshell",
        "rev": "c2feacb46ee69949124c835419861143c4016fb5",
        "type": "github"
      },
      "original": {
        "owner": "numtide",
        "repo": "devshell",
        "type": "github"
      }
    },
    "dream2nix": {
      "inputs": {
        "alejandra": [
          "helix-master",
          "nci",
          "nixpkgs"
        ],
        "crane": "crane",
        "devshell": [
          "helix-master",
          "nci",
          "devshell"
        ],
        "flake-utils-pre-commit": [
          "helix-master",
          "nci",
          "nixpkgs"
        ],
        "gomod2nix": [
          "helix-master",
          "nci",
          "nixpkgs"
        ],
        "mach-nix": [
          "helix-master",
          "nci",
          "nixpkgs"
        ],
        "nixpkgs": [
          "helix-master",
          "nci",
          "nixpkgs"
        ],
        "poetry2nix": [
          "helix-master",
          "nci",
          "nixpkgs"
        ],
        "pre-commit-hooks": [
          "helix-master",
          "nci",
          "nixpkgs"
        ]
      },
      "locked": {
        "lastModified": 1662176993,
        "narHash": "sha256-Sy7DsGAveDUFBb6YDsUSYZd/AcXfP/MOMIwMt/NgY84=",
        "owner": "nix-community",
        "repo": "dream2nix",
        "rev": "809bc5940214744eb29778a9a0b03f161979c1b2",
        "type": "github"
      },
      "original": {
        "owner": "nix-community",
        "repo": "dream2nix",
        "type": "github"
      }
    },
    "flake-compat": {
      "flake": false,
      "locked": {
        "lastModified": 1650374568,
        "narHash": "sha256-Z+s0J8/r907g149rllvwhb4pKi8Wam5ij0st8PwAh+E=",
        "owner": "edolstra",
        "repo": "flake-compat",
        "rev": "b4a34015c698c7793d592d66adbab377907a2be8",
        "type": "github"
      },
      "original": {
        "owner": "edolstra",
        "repo": "flake-compat",
        "type": "github"
      }
    },
    "flake-utils": {
      "locked": {
        "lastModified": 1656928814,
        "narHash": "sha256-RIFfgBuKz6Hp89yRr7+NR5tzIAbn52h8vT6vXkYjZoM=",
        "owner": "numtide",
        "repo": "flake-utils",
        "rev": "7e2a3b3dfd9af950a856d66b0a7d01e3c18aa249",
        "type": "github"
      },
      "original": {
        "owner": "numtide",
        "repo": "flake-utils",
        "type": "github"
      }
    },
    "flake-utils_2": {
      "locked": {
        "lastModified": 1659877975,
        "narHash": "sha256-zllb8aq3YO3h8B/U0/J1WBgAL8EX5yWf5pMj3G0NAmc=",
        "owner": "numtide",
        "repo": "flake-utils",
        "rev": "c0e246b9b83f637f4681389ecabcb2681b4f3af0",
        "type": "github"
      },
      "original": {
        "owner": "numtide",
        "repo": "flake-utils",
        "type": "github"
      }
    },
    "flake-utils_3": {
      "locked": {
        "lastModified": 1659877975,
        "narHash": "sha256-zllb8aq3YO3h8B/U0/J1WBgAL8EX5yWf5pMj3G0NAmc=",
        "owner": "numtide",
        "repo": "flake-utils",
        "rev": "c0e246b9b83f637f4681389ecabcb2681b4f3af0",
        "type": "github"
      },
      "original": {
        "owner": "numtide",
        "repo": "flake-utils",
        "type": "github"
      }
    },
    "grub2-theme": {
      "inputs": {
        "nixpkgs": "nixpkgs"
      },
      "locked": {
        "lastModified": 1666525448,
        "narHash": "sha256-MsNIq6TRauByEUj4qthAUEe98uKpqv7dn5E253ewm+k=",
        "owner": "vinceliuice",
        "repo": "grub2-themes",
        "rev": "967a302d8f996fd58b7e7125ae4aee13d39f70af",
        "type": "github"
      },
      "original": {
        "owner": "vinceliuice",
        "repo": "grub2-themes",
        "type": "github"
      }
    },
    "helix-master": {
      "inputs": {
        "nci": "nci",
        "nixpkgs": "nixpkgs_2",
        "rust-overlay": "rust-overlay"
      },
      "locked": {
        "lastModified": 1666892788,
        "narHash": "sha256-9mPIoHquOqgVjgCqDSvZhW9igoMrVExp9F5Dcuqyz2w=",
        "owner": "SoraTenshi",
        "repo": "helix",
        "rev": "b6c936f9d24c02e6f79b29699120d36c8457bb5d",
        "type": "github"
      },
      "original": {
        "owner": "SoraTenshi",
        "ref": "experimental",
        "repo": "helix",
        "type": "github"
      }
    },
    "home-manager": {
      "inputs": {
        "nixpkgs": "nixpkgs_3",
        "utils": "utils"
      },
      "locked": {
        "lastModified": 1666887363,
        "narHash": "sha256-+bs3z5wk57MHmqTELsx62jrySYJbiWfQIW+Tj79oNGI=",
        "owner": "nix-community",
        "repo": "home-manager",
        "rev": "d3f21617acace32097a53b0b74fb5000d333d094",
        "type": "github"
      },
      "original": {
        "owner": "nix-community",
        "repo": "home-manager",
        "type": "github"
      }
    },
    "nci": {
      "inputs": {
        "devshell": "devshell",
        "dream2nix": "dream2nix",
        "nixpkgs": [
          "helix-master",
          "nixpkgs"
        ],
        "rust-overlay": [
          "helix-master",
          "rust-overlay"
        ]
      },
      "locked": {
        "lastModified": 1662177071,
        "narHash": "sha256-x6XF//RdZlw81tFAYM1TkjY+iQIpyMCWZ46r9o4wVQY=",
        "owner": "yusdacra",
        "repo": "nix-cargo-integration",
        "rev": "65270dea87bb82fc02102a15221677eea237680e",
        "type": "github"
      },
      "original": {
        "owner": "yusdacra",
        "repo": "nix-cargo-integration",
        "type": "github"
      }
    },
    "neovim-flake": {
      "inputs": {
        "flake-utils": "flake-utils_2",
        "nixpkgs": [
          "neovim-nightly",
          "nixpkgs"
        ]
      },
      "locked": {
        "dir": "contrib",
        "lastModified": 1666854976,
        "narHash": "sha256-8Bka9TGA8ojrV3/BvkEJWmj02/ree/iuFUVAvJfmpj8=",
        "owner": "neovim",
        "repo": "neovim",
        "rev": "dab07be4d14b3d4d94cbab2bdc29d3e6985e21f2",
        "type": "github"
      },
      "original": {
        "dir": "contrib",
        "owner": "neovim",
        "repo": "neovim",
        "type": "github"
      }
    },
    "neovim-nightly": {
      "inputs": {
        "flake-compat": "flake-compat",
        "neovim-flake": "neovim-flake",
        "nixpkgs": "nixpkgs_4"
      },
      "locked": {
        "lastModified": 1666858722,
        "narHash": "sha256-daHyxLnixjvjeTmm/vG2wwmlcdHh5nPyWvUq8Kb268c=",
        "owner": "nix-community",
        "repo": "neovim-nightly-overlay",
        "rev": "fcb33a0c21860b56b1681f5aeb0686b40174e147",
        "type": "github"
      },
      "original": {
        "owner": "nix-community",
        "repo": "neovim-nightly-overlay",
        "type": "github"
      }
    },
    "nixos-hardware": {
      "locked": {
        "lastModified": 1666851028,
        "narHash": "sha256-e6DpqCMGzlpkhZDuS2fdDX1DsauFk8NARqQ1DDF42VY=",
        "owner": "NixOS",
        "repo": "nixos-hardware",
        "rev": "dfd91284332a4882c504b4807b1922e0fe386621",
        "type": "github"
      },
      "original": {
        "owner": "NixOS",
        "repo": "nixos-hardware",
        "type": "github"
      }
    },
    "nixpkgs": {
      "locked": {
        "lastModified": 1666857796,
        "narHash": "sha256-QdnyYVmOyzOjBt2Dr0IEzJ1sm9gu1sHshVaWJlS7yok=",
        "owner": "NixOS",
        "repo": "nixpkgs",
        "rev": "0c5c89591dea3677364dd8a81f2726c5f32ce307",
        "type": "github"
      },
      "original": {
        "owner": "NixOS",
        "ref": "master",
        "repo": "nixpkgs",
        "type": "github"
      }
    },
    "nixpkgs-unstable": {
      "locked": {
        "lastModified": 1666857796,
        "narHash": "sha256-QdnyYVmOyzOjBt2Dr0IEzJ1sm9gu1sHshVaWJlS7yok=",
        "owner": "NixOS",
        "repo": "nixpkgs",
        "rev": "0c5c89591dea3677364dd8a81f2726c5f32ce307",
        "type": "github"
      },
      "original": {
        "owner": "NixOS",
        "repo": "nixpkgs",
        "type": "github"
      }
    },
    "nixpkgs_2": {
      "locked": {
        "lastModified": 1662019588,
        "narHash": "sha256-oPEjHKGGVbBXqwwL+UjsveJzghWiWV0n9ogo1X6l4cw=",
        "owner": "nixos",
        "repo": "nixpkgs",
        "rev": "2da64a81275b68fdad38af669afeda43d401e94b",
        "type": "github"
      },
      "original": {
        "owner": "nixos",
        "ref": "nixos-unstable",
        "repo": "nixpkgs",
        "type": "github"
      }
    },
    "nixpkgs_3": {
      "locked": {
        "lastModified": 1662996720,
        "narHash": "sha256-XvLQ3SuXnDMJMpM1sv1ifPjBuRytiDYhB12H/BNTjgY=",
        "owner": "nixos",
        "repo": "nixpkgs",
        "rev": "5f326e2a403e1cebaec378e72ceaf5725983376d",
        "type": "github"
      },
      "original": {
        "owner": "nixos",
        "ref": "nixos-unstable",
        "repo": "nixpkgs",
        "type": "github"
      }
    },
    "nixpkgs_4": {
      "locked": {
        "lastModified": 1666837999,
        "narHash": "sha256-hI7+s1UVDsJNqNn9UGV6xTBGqMC4dqOyVpeDf+su7JU=",
        "owner": "nixos",
        "repo": "nixpkgs",
        "rev": "1c6eb4876f71e8903ae9f73e6adf45fdbebc0292",
        "type": "github"
      },
      "original": {
        "owner": "nixos",
        "ref": "nixpkgs-unstable",
        "repo": "nixpkgs",
        "type": "github"
      }
    },
    "nixpkgs_5": {
      "locked": {
        "lastModified": 1666857796,
        "narHash": "sha256-QdnyYVmOyzOjBt2Dr0IEzJ1sm9gu1sHshVaWJlS7yok=",
        "owner": "NixOS",
        "repo": "nixpkgs",
        "rev": "0c5c89591dea3677364dd8a81f2726c5f32ce307",
        "type": "github"
      },
      "original": {
        "owner": "NixOS",
        "repo": "nixpkgs",
        "type": "github"
      }
    },
    "nixpkgs_6": {
      "locked": {
        "lastModified": 1661151577,
        "narHash": "sha256-++S0TuJtuz9IpqP8rKktWyHZKpgdyrzDFUXVY07MTRI=",
        "owner": "NixOS",
        "repo": "nixpkgs",
        "rev": "54060e816971276da05970a983487a25810c38a7",
        "type": "github"
      },
      "original": {
        "owner": "NixOS",
        "ref": "nixpkgs-unstable",
        "repo": "nixpkgs",
        "type": "github"
      }
    },
    "picom-ibhagwan": {
      "flake": false,
      "locked": {
        "lastModified": 1635984309,
        "narHash": "sha256-1hVFBGo4Ieke2T9PqMur1w4D0bz/L3FAvfujY9Zergw=",
        "owner": "ibhagwan",
        "repo": "picom",
        "rev": "c4107bb6cc17773fdc6c48bb2e475ef957513c7a",
        "type": "github"
      },
      "original": {
        "owner": "ibhagwan",
        "repo": "picom",
        "type": "github"
      }
    },
    "root": {
      "inputs": {
        "grub2-theme": "grub2-theme",
        "helix-master": "helix-master",
        "home-manager": "home-manager",
        "neovim-nightly": "neovim-nightly",
        "nixos-hardware": "nixos-hardware",
        "nixpkgs": "nixpkgs_5",
        "nixpkgs-unstable": "nixpkgs-unstable",
        "picom-ibhagwan": "picom-ibhagwan",
        "sddm-theme": "sddm-theme",
        "zig-master": "zig-master"
      }
    },
    "rust-overlay": {
      "inputs": {
        "flake-utils": "flake-utils",
        "nixpkgs": [
          "helix-master",
          "nixpkgs"
        ]
      },
      "locked": {
        "lastModified": 1662087605,
        "narHash": "sha256-Gpf2gp2JenKGf+TylX/YJpttY2bzsnvAMLdLaxoZRyU=",
        "owner": "oxalica",
        "repo": "rust-overlay",
        "rev": "60c2cfaa8b90ed8cebd18b214fac8682dcf222dd",
        "type": "github"
      },
      "original": {
        "owner": "oxalica",
        "repo": "rust-overlay",
        "type": "github"
      }
    },
    "sddm-theme": {
      "flake": false,
      "locked": {
        "lastModified": 1662151979,
        "narHash": "sha256-3xuhffIn0+//Wy1kLc8a8/+LI6pRpff5Gua6qxdOjfk=",
        "owner": "SoraTenshi",
        "repo": "tokyo-night-sddm",
        "rev": "71fe5e0ec60830b5986a7eac1d22cba11d322a8e",
        "type": "github"
      },
      "original": {
        "owner": "SoraTenshi",
        "repo": "tokyo-night-sddm",
        "type": "github"
      }
    },
    "utils": {
      "locked": {
        "lastModified": 1659877975,
        "narHash": "sha256-zllb8aq3YO3h8B/U0/J1WBgAL8EX5yWf5pMj3G0NAmc=",
        "owner": "numtide",
        "repo": "flake-utils",
        "rev": "c0e246b9b83f637f4681389ecabcb2681b4f3af0",
        "type": "github"
      },
      "original": {
        "owner": "numtide",
        "repo": "flake-utils",
        "type": "github"
      }
    },
    "zig-master": {
      "inputs": {
        "flake-utils": "flake-utils_3",
        "nixpkgs": "nixpkgs_6"
      },
      "locked": {
        "lastModified": 1666830650,
        "narHash": "sha256-dW7qZ65UsumeUJ16ESgodCX6zUhtWem8zdzwLn81cTY=",
        "owner": "mitchellh",
        "repo": "zig-overlay",
        "rev": "f14ac96c53e652c42a4fff55d73000cc49de0daf",
        "type": "github"
      },
      "original": {
        "owner": "mitchellh",
        "repo": "zig-overlay",
        "type": "github"
      }
    }
  },
  "root": "root",
  "version": 7
}
